
Microsoft Visual Studio Solution File, Format Version 12.00
# Visual Studio 15
VisualStudioVersion = 15.0.28010.2041
MinimumVisualStudioVersion = 10.0.40219.1
Project("{FAE04EC0-301F-11D3-BF4B-00C04F79EFBC}") = "WebApplication1", "WebApplication1\WebApplication1.csproj", "{049289F7-D540-474A-9F4A-437866023425}"
EndProject
Project("{FAE04EC0-301F-11D3-BF4B-00C04F79EFBC}") = "UnitTestProject1", "UnitTestProject1\UnitTestProject1.csproj", "{79A85D8C-2A10-4915-B866-DE21B2F9D820}"
EndProject
Global
	GlobalSection(SolutionConfigurationPlatforms) = preSolution
		Debug|Any CPU = Debug|Any CPU
		Release|Any CPU = Release|Any CPU
	EndGlobalSection
	GlobalSection(ProjectConfigurationPlatforms) = postSolution
		{049289F7-D540-474A-9F4A-437866023425}.Debug|Any CPU.ActiveCfg = Debug|Any CPU
		{049289F7-D540-474A-9F4A-437866023425}.Debug|Any CPU.Build.0 = Debug|Any CPU
		{049289F7-D540-474A-9F4A-437866023425}.Release|Any CPU.ActiveCfg = Release|Any CPU
		{049289F7-D540-474A-9F4A-437866023425}.Release|Any CPU.Build.0 = Release|Any CPU
		{79A85D8C-2A10-4915-B866-DE21B2F9D820}.Debug|Any CPU.ActiveCfg = Debug|Any CPU
		{79A85D8C-2A10-4915-B866-DE21B2F9D820}.Debug|Any CPU.Build.0 = Debug|Any CPU
		{79A85D8C-2A10-4915-B866-DE21B2F9D820}.Release|Any CPU.ActiveCfg = Release|Any CPU
		{79A85D8C-2A10-4915-B866-DE21B2F9D820}.Release|Any CPU.Build.0 = Release|Any CPU
	EndGlobalSection
	GlobalSection(SolutionProperties) = preSolution
		HideSolutionNode = FALSE
	EndGlobalSection
	GlobalSection(ExtensibilityGlobals) = postSolution
		SolutionGuid = {01C3CD6C-4ABB-475F-A0B4-89F7CD555AB8}
	EndGlobalSection
EndGlobal
